
Microsoft Visual Studio Solution File, Format Version 12.00
# Visual Studio 2013
VisualStudioVersion = 12.0.21005.1
MinimumVisualStudioVersion = 10.0.40219.1
Project("{FAE04EC0-301F-11D3-BF4B-00C04F79EFBC}") = "YZL", "YZL\YZL.csproj", "{7F411ED4-9782-449B-B764-8AE942159B0E}"
EndProject
Project("{2150E333-8FDC-42A3-9474-1A3956D46DE8}") = "Service", "Service", "{5D28B4FA-A3E7-4C4B-83C0-5A8D08017519}"
EndProject
Project("{2150E333-8FDC-42A3-9474-1A3956D46DE8}") = "Data", "Data", "{7C62155B-3144-49D3-9483-3E20C4E5A836}"
EndProject
Project("{FAE04EC0-301F-11D3-BF4B-00C04F79EFBC}") = "YZL.IService", "IService\YZL.IService.csproj", "{FC275AC5-46FD-4827-9579-FC85319CB92E}"
EndProject
Project("{FAE04EC0-301F-11D3-BF4B-00C04F79EFBC}") = "YZL.Service", "Service\YZL.Service.csproj", "{A528AB87-AC09-4047-9DBA-AF023A1F0CA7}"
EndProject
Project("{FAE04EC0-301F-11D3-BF4B-00C04F79EFBC}") = "YZL.DatabaseEntity", "YZL.DatabaseEntity\YZL.DatabaseEntity.csproj", "{A7106C8A-E9E5-411E-B8EE-0660E2AF289C}"
EndProject
Project("{2150E333-8FDC-42A3-9474-1A3956D46DE8}") = "Web", "Web", "{0636B4F2-F78A-430D-97B6-5A45EB90D139}"
EndProject
Global
	GlobalSection(SolutionConfigurationPlatforms) = preSolution
		Debug|Any CPU = Debug|Any CPU
		Release|Any CPU = Release|Any CPU
	EndGlobalSection
	GlobalSection(ProjectConfigurationPlatforms) = postSolution
		{7F411ED4-9782-449B-B764-8AE942159B0E}.Debug|Any CPU.ActiveCfg = Debug|Any CPU
		{7F411ED4-9782-449B-B764-8AE942159B0E}.Debug|Any CPU.Build.0 = Debug|Any CPU
		{7F411ED4-9782-449B-B764-8AE942159B0E}.Release|Any CPU.ActiveCfg = Release|Any CPU
		{7F411ED4-9782-449B-B764-8AE942159B0E}.Release|Any CPU.Build.0 = Release|Any CPU
		{FC275AC5-46FD-4827-9579-FC85319CB92E}.Debug|Any CPU.ActiveCfg = Debug|Any CPU
		{FC275AC5-46FD-4827-9579-FC85319CB92E}.Debug|Any CPU.Build.0 = Debug|Any CPU
		{FC275AC5-46FD-4827-9579-FC85319CB92E}.Release|Any CPU.ActiveCfg = Release|Any CPU
		{FC275AC5-46FD-4827-9579-FC85319CB92E}.Release|Any CPU.Build.0 = Release|Any CPU
		{A528AB87-AC09-4047-9DBA-AF023A1F0CA7}.Debug|Any CPU.ActiveCfg = Debug|Any CPU
		{A528AB87-AC09-4047-9DBA-AF023A1F0CA7}.Debug|Any CPU.Build.0 = Debug|Any CPU
		{A528AB87-AC09-4047-9DBA-AF023A1F0CA7}.Release|Any CPU.ActiveCfg = Release|Any CPU
		{A528AB87-AC09-4047-9DBA-AF023A1F0CA7}.Release|Any CPU.Build.0 = Release|Any CPU
		{A7106C8A-E9E5-411E-B8EE-0660E2AF289C}.Debug|Any CPU.ActiveCfg = Debug|Any CPU
		{A7106C8A-E9E5-411E-B8EE-0660E2AF289C}.Debug|Any CPU.Build.0 = Debug|Any CPU
		{A7106C8A-E9E5-411E-B8EE-0660E2AF289C}.Release|Any CPU.ActiveCfg = Release|Any CPU
		{A7106C8A-E9E5-411E-B8EE-0660E2AF289C}.Release|Any CPU.Build.0 = Release|Any CPU
	EndGlobalSection
	GlobalSection(SolutionProperties) = preSolution
		HideSolutionNode = FALSE
	EndGlobalSection
	GlobalSection(NestedProjects) = preSolution
		{FC275AC5-46FD-4827-9579-FC85319CB92E} = {5D28B4FA-A3E7-4C4B-83C0-5A8D08017519}
		{A528AB87-AC09-4047-9DBA-AF023A1F0CA7} = {5D28B4FA-A3E7-4C4B-83C0-5A8D08017519}
		{A7106C8A-E9E5-411E-B8EE-0660E2AF289C} = {7C62155B-3144-49D3-9483-3E20C4E5A836}
		{7F411ED4-9782-449B-B764-8AE942159B0E} = {0636B4F2-F78A-430D-97B6-5A45EB90D139}
	EndGlobalSection
EndGlobal
